
Microsoft Visual Studio Solution File, Format Version 12.00
# Visual Studio Version 16
VisualStudioVersion = 16.0.31410.357
MinimumVisualStudioVersion = 10.0.40219.1
Project("{FAE04EC0-301F-11D3-BF4B-00C04F79EFBC}") = "g2048", "g2048\g2048.csproj", "{F320B157-3D77-4D9D-ACDA-E30FABD4B7DE}"
EndProject
Global
	GlobalSection(SolutionConfigurationPlatforms) = preSolution
		Debug|Any CPU = Debug|Any CPU
		Release|Any CPU = Release|Any CPU
	EndGlobalSection
	GlobalSection(ProjectConfigurationPlatforms) = postSolution
		{F320B157-3D77-4D9D-ACDA-E30FABD4B7DE}.Debug|Any CPU.ActiveCfg = Debug|Any CPU
		{F320B157-3D77-4D9D-ACDA-E30FABD4B7DE}.Debug|Any CPU.Build.0 = Debug|Any CPU
		{F320B157-3D77-4D9D-ACDA-E30FABD4B7DE}.Release|Any CPU.ActiveCfg = Release|Any CPU
		{F320B157-3D77-4D9D-ACDA-E30FABD4B7DE}.Release|Any CPU.Build.0 = Release|Any CPU
	EndGlobalSection
	GlobalSection(SolutionProperties) = preSolution
		HideSolutionNode = FALSE
	EndGlobalSection
	GlobalSection(ExtensibilityGlobals) = postSolution
		SolutionGuid = {22A2346D-C45D-4177-B5D3-B46CBF7B6C0F}
	EndGlobalSection
EndGlobal
